{
    "version": 3,
    "terraform_version": "0.11.13",
    "serial": 2,
    "lineage": "c45b67df-1ca5-4bdc-c39c-4dcb21897ec1",
    "modules": [
        {
            "path": [
                "root"
            ],
            "outputs": {},
            "resources": {
                "aws_instance.p33tmpdb1": {
                    "type": "aws_instance",
                    "depends_on": [],
                    "primary": {
                        "id": "i-0f4f76d7973611869",
                        "attributes": {
                            "ami": "ami-090c6ac3ef1d21525",
                            "arn": "arn:aws:ec2:us-east-1:765032730250:instance/i-0f4f76d7973611869",
                            "associate_public_ip_address": "false",
                            "availability_zone": "us-east-1a",
                            "cpu_core_count": "1",
                            "cpu_threads_per_core": "2",
                            "credit_specification.#": "1",
                            "credit_specification.0.cpu_credits": "standard",
                            "disable_api_termination": "true",
                            "ebs_block_device.#": "6",
                            "ebs_block_device.1094869962.delete_on_termination": "true",
                            "ebs_block_device.1094869962.device_name": "xvdf",
                            "ebs_block_device.1094869962.encrypted": "true",
                            "ebs_block_device.1094869962.iops": "100",
                            "ebs_block_device.1094869962.snapshot_id": "snap-0d4491f3df3dd54b0",
                            "ebs_block_device.1094869962.volume_id": "vol-0c6a77e60dda72d5f",
                            "ebs_block_device.1094869962.volume_size": "10",
                            "ebs_block_device.1094869962.volume_type": "gp2",
                            "ebs_block_device.1351991096.delete_on_termination": "true",
                            "ebs_block_device.1351991096.device_name": "xvdh",
                            "ebs_block_device.1351991096.encrypted": "true",
                            "ebs_block_device.1351991096.iops": "1050",
                            "ebs_block_device.1351991096.snapshot_id": "snap-0e9c8359e40c266b6",
                            "ebs_block_device.1351991096.volume_id": "vol-0ac27b74e5b3bcf6e",
                            "ebs_block_device.1351991096.volume_size": "350",
                            "ebs_block_device.1351991096.volume_type": "gp2",
                            "ebs_block_device.1805663177.delete_on_termination": "true",
                            "ebs_block_device.1805663177.device_name": "xvdk",
                            "ebs_block_device.1805663177.encrypted": "true",
                            "ebs_block_device.1805663177.iops": "600",
                            "ebs_block_device.1805663177.snapshot_id": "snap-096d8be8ea9918cbd",
                            "ebs_block_device.1805663177.volume_id": "vol-068546228bdb26835",
                            "ebs_block_device.1805663177.volume_size": "200",
                            "ebs_block_device.1805663177.volume_type": "gp2",
                            "ebs_block_device.3083900688.delete_on_termination": "true",
                            "ebs_block_device.3083900688.device_name": "xvdi",
                            "ebs_block_device.3083900688.encrypted": "true",
                            "ebs_block_device.3083900688.iops": "1050",
                            "ebs_block_device.3083900688.snapshot_id": "snap-008c49542136b6d12",
                            "ebs_block_device.3083900688.volume_id": "vol-0a2518099fff5414b",
                            "ebs_block_device.3083900688.volume_size": "350",
                            "ebs_block_device.3083900688.volume_type": "gp2",
                            "ebs_block_device.3263304644.delete_on_termination": "true",
                            "ebs_block_device.3263304644.device_name": "xvdj",
                            "ebs_block_device.3263304644.encrypted": "true",
                            "ebs_block_device.3263304644.iops": "600",
                            "ebs_block_device.3263304644.snapshot_id": "snap-09cbf26b12b8ac215",
                            "ebs_block_device.3263304644.volume_id": "vol-0c02b2c965170126b",
                            "ebs_block_device.3263304644.volume_size": "200",
                            "ebs_block_device.3263304644.volume_type": "gp2",
                            "ebs_block_device.671231811.delete_on_termination": "true",
                            "ebs_block_device.671231811.device_name": "xvdg",
                            "ebs_block_device.671231811.encrypted": "true",
                            "ebs_block_device.671231811.iops": "100",
                            "ebs_block_device.671231811.snapshot_id": "snap-04a8e9e8007d26651",
                            "ebs_block_device.671231811.volume_id": "vol-0ad4e06c45f6e0bd4",
                            "ebs_block_device.671231811.volume_size": "25",
                            "ebs_block_device.671231811.volume_type": "gp2",
                            "ebs_optimized": "false",
                            "ephemeral_block_device.#": "0",
                            "get_password_data": "false",
                            "iam_instance_profile": "allow-all-ssm",
                            "id": "i-0f4f76d7973611869",
                            "instance_state": "running",
                            "instance_type": "m5.large",
                            "ipv6_addresses.#": "0",
                            "key_name": "AWSToolsKey1",
                            "monitoring": "true",
                            "network_interface.#": "0",
                            "network_interface_id": "eni-057679feba7c34dd8",
                            "password_data": "",
                            "placement_group": "",
                            "primary_network_interface_id": "eni-057679feba7c34dd8",
                            "private_dns": "ip-172-25-1-39.sigue.local",
                            "private_ip": "172.25.1.39",
                            "public_dns": "",
                            "public_ip": "",
                            "root_block_device.#": "1",
                            "root_block_device.0.delete_on_termination": "true",
                            "root_block_device.0.iops": "300",
                            "root_block_device.0.volume_id": "vol-0f8c9190db15b8546",
                            "root_block_device.0.volume_size": "100",
                            "root_block_device.0.volume_type": "gp2",
                            "security_groups.#": "0",
                            "source_dest_check": "true",
                            "subnet_id": "subnet-873603de",
                            "tags.%": "5",
                            "tags.Author": "Gabriel",
                            "tags.Description": "p33tmpdb1",
                            "tags.Environment": "Test",
                            "tags.Name": "p33tmpdb1",
                            "tags.SnapshotSchedule": "default",
                            "tenancy": "default",
                            "user_data": "6bf570534bc0b5a44c83a98267e27f8eb0a1e8f2",
                            "volume_tags.%": "0",
                            "vpc_security_group_ids.#": "3",
                            "vpc_security_group_ids.2404686864": "sg-33f71655",
                            "vpc_security_group_ids.24539319": "sg-bec466d8",
                            "vpc_security_group_ids.3653185720": "sg-71c76517"
                        },
                        "meta": {
                            "e2bfb730-ecaa-11e6-8f88-34363bc7c4c0": {
                                "create": 600000000000,
                                "delete": 1200000000000,
                                "update": 600000000000
                            },
                            "schema_version": "1"
                        },
                        "tainted": false
                    },
                    "deposed": [],
                    "provider": "provider.aws"
                }
            },
            "depends_on": []
        }
    ]
}
